
Microsoft Visual Studio Solution File, Format Version 12.00
# Visual Studio Version 16
VisualStudioVersion = 16.0.30204.135
MinimumVisualStudioVersion = 10.0.40219.1
Project("{9A19103F-16F7-4668-BE54-9A1E7A4F7556}") = "CourseLibrary.API", "CourseLibrary.API\CourseLibrary.API.csproj", "{2A5230CB-6C1C-444A-9FB0-39F8C1C99FE8}"
EndProject
Global
	GlobalSection(SolutionConfigurationPlatforms) = preSolution
		config1|Any CPU = config1|Any CPU
		config1|x64 = config1|x64
		Debug|Any CPU = Debug|Any CPU
		Debug|x64 = Debug|x64
		Release|Any CPU = Release|Any CPU
		Release|x64 = Release|x64
	EndGlobalSection
	GlobalSection(ProjectConfigurationPlatforms) = postSolution
		{2A5230CB-6C1C-444A-9FB0-39F8C1C99FE8}.config1|Any CPU.ActiveCfg = config1|Any CPU
		{2A5230CB-6C1C-444A-9FB0-39F8C1C99FE8}.config1|Any CPU.Build.0 = config1|Any CPU
		{2A5230CB-6C1C-444A-9FB0-39F8C1C99FE8}.config1|x64.ActiveCfg = config1|x64
		{2A5230CB-6C1C-444A-9FB0-39F8C1C99FE8}.config1|x64.Build.0 = config1|x64
		{2A5230CB-6C1C-444A-9FB0-39F8C1C99FE8}.Debug|Any CPU.ActiveCfg = Debug|Any CPU
		{2A5230CB-6C1C-444A-9FB0-39F8C1C99FE8}.Debug|Any CPU.Build.0 = Debug|Any CPU
		{2A5230CB-6C1C-444A-9FB0-39F8C1C99FE8}.Debug|x64.ActiveCfg = Debug|x64
		{2A5230CB-6C1C-444A-9FB0-39F8C1C99FE8}.Debug|x64.Build.0 = Debug|x64
		{2A5230CB-6C1C-444A-9FB0-39F8C1C99FE8}.Release|Any CPU.ActiveCfg = Release|Any CPU
		{2A5230CB-6C1C-444A-9FB0-39F8C1C99FE8}.Release|Any CPU.Build.0 = Release|Any CPU
		{2A5230CB-6C1C-444A-9FB0-39F8C1C99FE8}.Release|x64.ActiveCfg = Release|x64
		{2A5230CB-6C1C-444A-9FB0-39F8C1C99FE8}.Release|x64.Build.0 = Release|x64
	EndGlobalSection
	GlobalSection(SolutionProperties) = preSolution
		HideSolutionNode = FALSE
	EndGlobalSection
	GlobalSection(ExtensibilityGlobals) = postSolution
		SolutionGuid = {18E29757-A658-45DD-82C8-43A4E9BE7266}
	EndGlobalSection
EndGlobal
